// !$*UTF8*$!
{
	archiveVersion = 1;
	classes = {
	};
	objectVersion = 46;
	objects = {

/* Begin PBXBuildFile section */
		9B717C3C1B9457A900980EAA /* main.m in Sources */ = {isa = PBXBuildFile; fileRef = 9B717C3B1B9457A900980EAA /* main.m */; };
		9B717C3F1B9457A900980EAA /* AppDelegate.m in Sources */ = {isa = PBXBuildFile; fileRef = 9B717C3E1B9457A900980EAA /* AppDelegate.m */; };
		9B717C421B9457A900980EAA /* ViewController.m in Sources */ = {isa = PBXBuildFile; fileRef = 9B717C411B9457A900980EAA /* ViewController.m */; };
		9B717C451B9457A900980EAA /* Main.storyboard in Resources */ = {isa = PBXBuildFile; fileRef = 9B717C431B9457A900980EAA /* Main.storyboard */; };
		9B717C471B9457A900980EAA /* Images.xcassets in Resources */ = {isa = PBXBuildFile; fileRef = 9B717C461B9457A900980EAA /* Images.xcassets */; };
		9B717C4A1B9457A900980EAA /* LaunchScreen.xib in Resources */ = {isa = PBXBuildFile; fileRef = 9B717C481B9457A900980EAA /* LaunchScreen.xib */; };
		9B717C561B9457A900980EAA /* SelectedTableCellTests.m in Sources */ = {isa = PBXBuildFile; fileRef = 9B717C551B9457A900980EAA /* SelectedTableCellTests.m */; };
		9B717C611B9457CA00980EAA /* CheckedTableViewCell.m in Sources */ = {isa = PBXBuildFile; fileRef = 9B717C601B9457CA00980EAA /* CheckedTableViewCell.m */; };
		9B717C641B94588200980EAA /* checked.png in Resources */ = {isa = PBXBuildFile; fileRef = 9B717C621B94588200980EAA /* checked.png */; };
		9B717C651B94588200980EAA /* unchecked.png in Resources */ = {isa = PBXBuildFile; fileRef = 9B717C631B94588200980EAA /* unchecked.png */; };
/* End PBXBuildFile section */

/* Begin PBXContainerItemProxy section */
		9B717C501B9457A900980EAA /* PBXContainerItemProxy */ = {
			isa = PBXContainerItemProxy;
			containerPortal = 9B717C2E1B9457A900980EAA /* Project object */;
			proxyType = 1;
			remoteGlobalIDString = 9B717C351B9457A900980EAA;
			remoteInfo = SelectedTableCell;
		};
/* End PBXContainerItemProxy section */

/* Begin PBXFileReference section */
		9B717C361B9457A900980EAA /* SelectedTableCell.app */ = {isa = PBXFileReference; explicitFileType = wrapper.application; includeInIndex = 0; path = SelectedTableCell.app; sourceTree = BUILT_PRODUCTS_DIR; };
		9B717C3A1B9457A900980EAA /* Info.plist */ = {isa = PBXFileReference; lastKnownFileType = text.plist.xml; path = Info.plist; sourceTree = "<group>"; };
		9B717C3B1B9457A900980EAA /* main.m */ = {isa = PBXFileReference; lastKnownFileType = sourcecode.c.objc; path = main.m; sourceTree = "<group>"; };
		9B717C3D1B9457A900980EAA /* AppDelegate.h */ = {isa = PBXFileReference; lastKnownFileType = sourcecode.c.h; path = AppDelegate.h; sourceTree = "<group>"; };
		9B717C3E1B9457A900980EAA /* AppDelegate.m */ = {isa = PBXFileReference; lastKnownFileType = sourcecode.c.objc; path = AppDelegate.m; sourceTree = "<group>"; };
		9B717C401B9457A900980EAA /* ViewController.h */ = {isa = PBXFileReference; lastKnownFileType = sourcecode.c.h; path = ViewController.h; sourceTree = "<group>"; };
		9B717C411B9457A900980EAA /* ViewController.m */ = {isa = PBXFileReference; lastKnownFileType = sourcecode.c.objc; path = ViewController.m; sourceTree = "<group>"; };
		9B717C441B9457A900980EAA /* Base */ = {isa = PBXFileReference; lastKnownFileType = file.storyboard; name = Base; path = Base.lproj/Main.storyboard; sourceTree = "<group>"; };
		9B717C461B9457A900980EAA /* Images.xcassets */ = {isa = PBXFileReference; lastKnownFileType = folder.assetcatalog; path = Images.xcassets; sourceTree = "<group>"; };
		9B717C491B9457A900980EAA /* Base */ = {isa = PBXFileReference; lastKnownFileType = file.xib; name = Base; path = Base.lproj/LaunchScreen.xib; sourceTree = "<group>"; };
		9B717C4F1B9457A900980EAA /* SelectedTableCellTests.xctest */ = {isa = PBXFileReference; explicitFileType = wrapper.cfbundle; includeInIndex = 0; path = SelectedTableCellTests.xctest; sourceTree = BUILT_PRODUCTS_DIR; };
		9B717C541B9457A900980EAA /* Info.plist */ = {isa = PBXFileReference; lastKnownFileType = text.plist.xml; path = Info.plist; sourceTree = "<group>"; };
		9B717C551B9457A900980EAA /* SelectedTableCellTests.m */ = {isa = PBXFileReference; lastKnownFileType = sourcecode.c.objc; path = SelectedTableCellTests.m; sourceTree = "<group>"; };
		9B717C5F1B9457CA00980EAA /* CheckedTableViewCell.h */ = {isa = PBXFileReference; fileEncoding = 4; lastKnownFileType = sourcecode.c.h; path = CheckedTableViewCell.h; sourceTree = "<group>"; };
		9B717C601B9457CA00980EAA /* CheckedTableViewCell.m */ = {isa = PBXFileReference; fileEncoding = 4; lastKnownFileType = sourcecode.c.objc; path = CheckedTableViewCell.m; sourceTree = "<group>"; };
		9B717C621B94588200980EAA /* checked.png */ = {isa = PBXFileReference; lastKnownFileType = image.png; path = checked.png; sourceTree = "<group>"; };
		9B717C631B94588200980EAA /* unchecked.png */ = {isa = PBXFileReference; lastKnownFileType = image.png; path = unchecked.png; sourceTree = "<group>"; };
/* End PBXFileReference section */

/* Begin PBXFrameworksBuildPhase section */
		9B717C331B9457A900980EAA /* Frameworks */ = {
			isa = PBXFrameworksBuildPhase;
			buildActionMask = 2147483647;
			files = (
			);
			runOnlyForDeploymentPostprocessing = 0;
		};
		9B717C4C1B9457A900980EAA /* Frameworks */ = {
			isa = PBXFrameworksBuildPhase;
			buildActionMask = 2147483647;
			files = (
			);
			runOnlyForDeploymentPostprocessing = 0;
		};
/* End PBXFrameworksBuildPhase section */

/* Begin PBXGroup section */
		9B717C2D1B9457A900980EAA = {
			isa = PBXGroup;
			children = (
				9B717C381B9457A900980EAA /* SelectedTableCell */,
				9B717C521B9457A900980EAA /* SelectedTableCellTests */,
				9B717C371B9457A900980EAA /* Products */,
			);
			sourceTree = "<group>";
		};
		9B717C371B9457A900980EAA /* Products */ = {
			isa = PBXGroup;
			children = (
				9B717C361B9457A900980EAA /* SelectedTableCell.app */,
				9B717C4F1B9457A900980EAA /* SelectedTableCellTests.xctest */,
			);
			name = Products;
			sourceTree = "<group>";
		};
		9B717C381B9457A900980EAA /* SelectedTableCell */ = {
			isa = PBXGroup;
			children = (
				9B717C621B94588200980EAA /* checked.png */,
				9B717C631B94588200980EAA /* unchecked.png */,
				9B717C5F1B9457CA00980EAA /* CheckedTableViewCell.h */,
				9B717C601B9457CA00980EAA /* CheckedTableViewCell.m */,
				9B717C3D1B9457A900980EAA /* AppDelegate.h */,
				9B717C3E1B9457A900980EAA /* AppDelegate.m */,
				9B717C401B9457A900980EAA /* ViewController.h */,
				9B717C411B9457A900980EAA /* ViewController.m */,
				9B717C431B9457A900980EAA /* Main.storyboard */,
				9B717C461B9457A900980EAA /* Images.xcassets */,
				9B717C481B9457A900980EAA /* LaunchScreen.xib */,
				9B717C391B9457A900980EAA /* Supporting Files */,
			);
			path = SelectedTableCell;
			sourceTree = "<group>";
		};
		9B717C391B9457A900980EAA /* Supporting Files */ = {
			isa = PBXGroup;
			children = (
				9B717C3A1B9457A900980EAA /* Info.plist */,
				9B717C3B1B9457A900980EAA /* main.m */,
			);
			name = "Supporting Files";
			sourceTree = "<group>";
		};
		9B717C521B9457A900980EAA /* SelectedTableCellTests */ = {
			isa = PBXGroup;
			children = (
				9B717C551B9457A900980EAA /* SelectedTableCellTests.m */,
				9B717C531B9457A900980EAA /* Supporting Files */,
			);
			path = SelectedTableCellTests;
			sourceTree = "<group>";
		};
		9B717C531B9457A900980EAA /* Supporting Files */ = {
			isa = PBXGroup;
			children = (
				9B717C541B9457A900980EAA /* Info.plist */,
			);
			name = "Supporting Files";
			sourceTree = "<group>";
		};
/* End PBXGroup section */

/* Begin PBXNativeTarget section */
		9B717C351B9457A900980EAA /* SelectedTableCell */ = {
			isa = PBXNativeTarget;
			buildConfigurationList = 9B717C591B9457A900980EAA /* Build configuration list for PBXNativeTarget "SelectedTableCell" */;
			buildPhases = (
				9B717C321B9457A900980EAA /* Sources */,
				9B717C331B9457A900980EAA /* Frameworks */,
				9B717C341B9457A900980EAA /* Resources */,
			);
			buildRules = (
			);
			dependencies = (
			);
			name = SelectedTableCell;
			productName = SelectedTableCell;
			productReference = 9B717C361B9457A900980EAA /* SelectedTableCell.app */;
			productType = "com.apple.product-type.application";
		};
		9B717C4E1B9457A900980EAA /* SelectedTableCellTests */ = {
			isa = PBXNativeTarget;
			buildConfigurationList = 9B717C5C1B9457A900980EAA /* Build configuration list for PBXNativeTarget "SelectedTableCellTests" */;
			buildPhases = (
				9B717C4B1B9457A900980EAA /* Sources */,
				9B717C4C1B9457A900980EAA /* Frameworks */,
				9B717C4D1B9457A900980EAA /* Resources */,
			);
			buildRules = (
			);
			dependencies = (
				9B717C511B9457A900980EAA /* PBXTargetDependency */,
			);
			name = SelectedTableCellTests;
			productName = SelectedTableCellTests;
			productReference = 9B717C4F1B9457A900980EAA /* SelectedTableCellTests.xctest */;
			productType = "com.apple.product-type.bundle.unit-test";
		};
/* End PBXNativeTarget section */

/* Begin PBXProject section */
		9B717C2E1B9457A900980EAA /* Project object */ = {
			isa = PBXProject;
			attributes = {
				LastUpgradeCheck = 0640;
				ORGANIZATIONNAME = "张旭东";
				TargetAttributes = {
					9B717C351B9457A900980EAA = {
						CreatedOnToolsVersion = 6.4;
					};
					9B717C4E1B9457A900980EAA = {
						CreatedOnToolsVersion = 6.4;
						TestTargetID = 9B717C351B9457A900980EAA;
					};
				};
			};
			buildConfigurationList = 9B717C311B9457A900980EAA /* Build configuration list for PBXProject "SelectedTableCell" */;
			compatibilityVersion = "Xcode 3.2";
			developmentRegion = English;
			hasScannedForEncodings = 0;
			knownRegions = (
				en,
				Base,
			);
			mainGroup = 9B717C2D1B9457A900980EAA;
			productRefGroup = 9B717C371B9457A900980EAA /* Products */;
			projectDirPath = "";
			projectRoot = "";
			targets = (
				9B717C351B9457A900980EAA /* SelectedTableCell */,
				9B717C4E1B9457A900980EAA /* SelectedTableCellTests */,
			);
		};
/* End PBXProject section */

/* Begin PBXResourcesBuildPhase section */
		9B717C341B9457A900980EAA /* Resources */ = {
			isa = PBXResourcesBuildPhase;
			buildActionMask = 2147483647;
			files = (
				9B717C451B9457A900980EAA /* Main.storyboard in Resources */,
				9B717C641B94588200980EAA /* checked.png in Resources */,
				9B717C4A1B9457A900980EAA /* LaunchScreen.xib in Resources */,
				9B717C471B9457A900980EAA /* Images.xcassets in Resources */,
				9B717C651B94588200980EAA /* unchecked.png in Resources */,
			);
			runOnlyForDeploymentPostprocessing = 0;
		};
		9B717C4D1B9457A900980EAA /* Resources */ = {
			isa = PBXResourcesBuildPhase;
			buildActionMask = 2147483647;
			files = (
			);
			runOnlyForDeploymentPostprocessing = 0;
		};
/* End PBXResourcesBuildPhase section */

/* Begin PBXSourcesBuildPhase section */
		9B717C321B9457A900980EAA /* Sources */ = {
			isa = PBXSourcesBuildPhase;
			buildActionMask = 2147483647;
			files = (
				9B717C421B9457A900980EAA /* ViewController.m in Sources */,
				9B717C3F1B9457A900980EAA /* AppDelegate.m in Sources */,
				9B717C611B9457CA00980EAA /* CheckedTableViewCell.m in Sources */,
				9B717C3C1B9457A900980EAA /* main.m in Sources */,
			);
			runOnlyForDeploymentPostprocessing = 0;
		};
		9B717C4B1B9457A900980EAA /* Sources */ = {
			isa = PBXSourcesBuildPhase;
			buildActionMask = 2147483647;
			files = (
				9B717C561B9457A900980EAA /* SelectedTableCellTests.m in Sources */,
			);
			runOnlyForDeploymentPostprocessing = 0;
		};
/* End PBXSourcesBuildPhase section */

/* Begin PBXTargetDependency section */
		9B717C511B9457A900980EAA /* PBXTargetDependency */ = {
			isa = PBXTargetDependency;
			target = 9B717C351B9457A900980EAA /* SelectedTableCell */;
			targetProxy = 9B717C501B9457A900980EAA /* PBXContainerItemProxy */;
		};
/* End PBXTargetDependency section */

/* Begin PBXVariantGroup section */
		9B717C431B9457A900980EAA /* Main.storyboard */ = {
			isa = PBXVariantGroup;
			children = (
				9B717C441B9457A900980EAA /* Base */,
			);
			name = Main.storyboard;
			sourceTree = "<group>";
		};
		9B717C481B9457A900980EAA /* LaunchScreen.xib */ = {
			isa = PBXVariantGroup;
			children = (
				9B717C491B9457A900980EAA /* Base */,
			);
			name = LaunchScreen.xib;
			sourceTree = "<group>";
		};
/* End PBXVariantGroup section */

/* Begin XCBuildConfiguration section */
		9B717C571B9457A900980EAA /* Debug */ = {
			isa = XCBuildConfiguration;
			buildSettings = {
				ALWAYS_SEARCH_USER_PATHS = NO;
				CLANG_CXX_LANGUAGE_STANDARD = "gnu++0x";
				CLANG_CXX_LIBRARY = "libc++";
				CLANG_ENABLE_MODULES = YES;
				CLANG_ENABLE_OBJC_ARC = YES;
				CLANG_WARN_BOOL_CONVERSION = YES;
				CLANG_WARN_CONSTANT_CONVERSION = YES;
				CLANG_WARN_DIRECT_OBJC_ISA_USAGE = YES_ERROR;
				CLANG_WARN_EMPTY_BODY = YES;
				CLANG_WARN_ENUM_CONVERSION = YES;
				CLANG_WARN_INT_CONVERSION = YES;
				CLANG_WARN_OBJC_ROOT_CLASS = YES_ERROR;
				CLANG_WARN_UNREACHABLE_CODE = YES;
				CLANG_WARN__DUPLICATE_METHOD_MATCH = YES;
				"CODE_SIGN_IDENTITY[sdk=iphoneos*]" = "iPhone Developer";
				COPY_PHASE_STRIP = NO;
				DEBUG_INFORMATION_FORMAT = "dwarf-with-dsym";
				ENABLE_STRICT_OBJC_MSGSEND = YES;
				GCC_C_LANGUAGE_STANDARD = gnu99;
				GCC_DYNAMIC_NO_PIC = NO;
				GCC_NO_COMMON_BLOCKS = YES;
				GCC_OPTIMIZATION_LEVEL = 0;
				GCC_PREPROCESSOR_DEFINITIONS = (
					"DEBUG=1",
					"$(inherited)",
				);
				GCC_SYMBOLS_PRIVATE_EXTERN = NO;
				GCC_WARN_64_TO_32_BIT_CONVERSION = YES;
				GCC_WARN_ABOUT_RETURN_TYPE = YES_ERROR;
				GCC_WARN_UNDECLARED_SELECTOR = YES;
				GCC_WARN_UNINITIALIZED_AUTOS = YES_AGGRESSIVE;
				GCC_WARN_UNUSED_FUNCTION = YES;
				GCC_WARN_UNUSED_VARIABLE = YES;
				IPHONEOS_DEPLOYMENT_TARGET = 8.4;
				MTL_ENABLE_DEBUG_INFO = YES;
				ONLY_ACTIVE_ARCH = YES;
				SDKROOT = iphoneos;
			};
			name = Debug;
		};
		9B717C581B9457A900980EAA /* Release */ = {
			isa = XCBuildConfiguration;
			buildSettings = {
				ALWAYS_SEARCH_USER_PATHS = NO;
				CLANG_CXX_LANGUAGE_STANDARD = "gnu++0x";
				CLANG_CXX_LIBRARY = "libc++";
				CLANG_ENABLE_MODULES = YES;
				CLANG_ENABLE_OBJC_ARC = YES;
				CLANG_WARN_BOOL_CONVERSION = YES;
				CLANG_WARN_CONSTANT_CONVERSION = YES;
				CLANG_WARN_DIRECT_OBJC_ISA_USAGE = YES_ERROR;
				CLANG_WARN_EMPTY_BODY = YES;
				CLANG_WARN_ENUM_CONVERSION = YES;
				CLANG_WARN_INT_CONVERSION = YES;
				CLANG_WARN_OBJC_ROOT_CLASS = YES_ERROR;
				CLANG_WARN_UNREACHABLE_CODE = YES;
				CLANG_WARN__DUPLICATE_METHOD_MATCH = YES;
				"CODE_SIGN_IDENTITY[sdk=iphoneos*]" = "iPhone Developer";
				COPY_PHASE_STRIP = NO;
				DEBUG_INFORMATION_FORMAT = "dwarf-with-dsym";
				ENABLE_NS_ASSERTIONS = NO;
				ENABLE_STRICT_OBJC_MSGSEND = YES;
				GCC_C_LANGUAGE_STANDARD = gnu99;
				GCC_NO_COMMON_BLOCKS = YES;
				GCC_WARN_64_TO_32_BIT_CONVERSION = YES;
				GCC_WARN_ABOUT_RETURN_TYPE = YES_ERROR;
				GCC_WARN_UNDECLARED_SELECTOR = YES;
				GCC_WARN_UNINITIALIZED_AUTOS = YES_AGGRESSIVE;
				GCC_WARN_UNUSED_FUNCTION = YES;
				GCC_WARN_UNUSED_VARIABLE = YES;
				IPHONEOS_DEPLOYMENT_TARGET = 8.4;
				MTL_ENABLE_DEBUG_INFO = NO;
				SDKROOT = iphoneos;
				VALIDATE_PRODUCT = YES;
			};
			name = Release;
		};
		9B717C5A1B9457A900980EAA /* Debug */ = {
			isa = XCBuildConfiguration;
			buildSettings = {
				ASSETCATALOG_COMPILER_APPICON_NAME = AppIcon;
				INFOPLIST_FILE = SelectedTableCell/Info.plist;
				IPHONEOS_DEPLOYMENT_TARGET = 7.0;
				LD_RUNPATH_SEARCH_PATHS = "$(inherited) @executable_path/Frameworks";
				PRODUCT_NAME = "$(TARGET_NAME)";
			};
			name = Debug;
		};
		9B717C5B1B9457A900980EAA /* Release */ = {
			isa = XCBuildConfiguration;
			buildSettings = {
				ASSETCATALOG_COMPILER_APPICON_NAME = AppIcon;
				INFOPLIST_FILE = SelectedTableCell/Info.plist;
				IPHONEOS_DEPLOYMENT_TARGET = 7.0;
				LD_RUNPATH_SEARCH_PATHS = "$(inherited) @executable_path/Frameworks";
				PRODUCT_NAME = "$(TARGET_NAME)";
			};
			name = Release;
		};
		9B717C5D1B9457A900980EAA /* Debug */ = {
			isa = XCBuildConfiguration;
			buildSettings = {
				BUNDLE_LOADER = "$(TEST_HOST)";
				FRAMEWORK_SEARCH_PATHS = (
					"$(SDKROOT)/Developer/Library/Frameworks",
					"$(inherited)",
				);
				GCC_PREPROCESSOR_DEFINITIONS = (
					"DEBUG=1",
					"$(inherited)",
				);
				INFOPLIST_FILE = SelectedTableCellTests/Info.plist;
				LD_RUNPATH_SEARCH_PATHS = "$(inherited) @executable_path/Frameworks @loader_path/Frameworks";
				PRODUCT_NAME = "$(TARGET_NAME)";
				TEST_HOST = "$(BUILT_PRODUCTS_DIR)/SelectedTableCell.app/SelectedTableCell";
			};
			name = Debug;
		};
		9B717C5E1B9457A900980EAA /* Release */ = {
			isa = XCBuildConfiguration;
			buildSettings = {
				BUNDLE_LOADER = "$(TEST_HOST)";
				FRAMEWORK_SEARCH_PATHS = (
					"$(SDKROOT)/Developer/Library/Frameworks",
					"$(inherited)",
				);
				INFOPLIST_FILE = SelectedTableCellTests/Info.plist;
				LD_RUNPATH_SEARCH_PATHS = "$(inherited) @executable_path/Frameworks @loader_path/Frameworks";
				PRODUCT_NAME = "$(TARGET_NAME)";
				TEST_HOST = "$(BUILT_PRODUCTS_DIR)/SelectedTableCell.app/SelectedTableCell";
			};
			name = Release;
		};
/* End XCBuildConfiguration section */

/* Begin XCConfigurationList section */
		9B717C311B9457A900980EAA /* Build configuration list for PBXProject "SelectedTableCell" */ = {
			isa = XCConfigurationList;
			buildConfigurations = (
				9B717C571B9457A900980EAA /* Debug */,
				9B717C581B9457A900980EAA /* Release */,
			);
			defaultConfigurationIsVisible = 0;
			defaultConfigurationName = Release;
		};
		9B717C591B9457A900980EAA /* Build configuration list for PBXNativeTarget "SelectedTableCell" */ = {
			isa = XCConfigurationList;
			buildConfigurations = (
				9B717C5A1B9457A900980EAA /* Debug */,
				9B717C5B1B9457A900980EAA /* Release */,
			);
			defaultConfigurationIsVisible = 0;
			defaultConfigurationName = Release;
		};
		9B717C5C1B9457A900980EAA /* Build configuration list for PBXNativeTarget "SelectedTableCellTests" */ = {
			isa = XCConfigurationList;
			buildConfigurations = (
				9B717C5D1B9457A900980EAA /* Debug */,
				9B717C5E1B9457A900980EAA /* Release */,
			);
			defaultConfigurationIsVisible = 0;
			defaultConfigurationName = Release;
		};
/* End XCConfigurationList section */
	};
	rootObject = 9B717C2E1B9457A900980EAA /* Project object */;
}
